// !$*UTF8*$!
{
	archiveVersion = 1;
	classes = {
	};
	objectVersion = 55;
	objects = {

/* Begin PBXBuildFile section */
		4E5DC28C27C9F1800025D5BF /* AppDelegate.swift in Sources */ = {isa = PBXBuildFile; fileRef = 4E5DC28B27C9F1800025D5BF /* AppDelegate.swift */; };
		4E5DC28E27C9F1800025D5BF /* SceneDelegate.swift in Sources */ = {isa = PBXBuildFile; fileRef = 4E5DC28D27C9F1800025D5BF /* SceneDelegate.swift */; };
		4E5DC29027C9F1800025D5BF /* ViewController.swift in Sources */ = {isa = PBXBuildFile; fileRef = 4E5DC28F27C9F1800025D5BF /* ViewController.swift */; };
		4E5DC29327C9F1800025D5BF /* Main.storyboard in Resources */ = {isa = PBXBuildFile; fileRef = 4E5DC29127C9F1800025D5BF /* Main.storyboard */; };
		4E5DC29527C9F1820025D5BF /* Assets.xcassets in Resources */ = {isa = PBXBuildFile; fileRef = 4E5DC29427C9F1820025D5BF /* Assets.xcassets */; };
		4E5DC29827C9F1820025D5BF /* LaunchScreen.storyboard in Resources */ = {isa = PBXBuildFile; fileRef = 4E5DC29627C9F1820025D5BF /* LaunchScreen.storyboard */; };
		4E5DC2A327C9F1820025D5BF /* FlixTests.swift in Sources */ = {isa = PBXBuildFile; fileRef = 4E5DC2A227C9F1820025D5BF /* FlixTests.swift */; };
		4E5DC2AD27C9F1820025D5BF /* FlixUITests.swift in Sources */ = {isa = PBXBuildFile; fileRef = 4E5DC2AC27C9F1820025D5BF /* FlixUITests.swift */; };
		4E5DC2AF27C9F1820025D5BF /* FlixUITestsLaunchTests.swift in Sources */ = {isa = PBXBuildFile; fileRef = 4E5DC2AE27C9F1820025D5BF /* FlixUITestsLaunchTests.swift */; };
		4E5DC2BC27CA05810025D5BF /* MovieCell.swift in Sources */ = {isa = PBXBuildFile; fileRef = 4E5DC2BB27CA05810025D5BF /* MovieCell.swift */; };
		4E5DC2BF27CA0D140025D5BF /* AlamofireImage in Frameworks */ = {isa = PBXBuildFile; productRef = 4E5DC2BE27CA0D140025D5BF /* AlamofireImage */; };
		61D2D9EC6E3D9DCB5C4108D7 /* Pods_Flix.framework in Frameworks */ = {isa = PBXBuildFile; fileRef = CAB05695C0D0CEC1B6AA5F6F /* Pods_Flix.framework */; };
		787CA1BA331B1006B3BBCFDD /* Pods_FlixTests.framework in Frameworks */ = {isa = PBXBuildFile; fileRef = BEA3D155A11DC000F345C508 /* Pods_FlixTests.framework */; };
		F21991219E41CF06935C5A11 /* Pods_Flix_FlixUITests.framework in Frameworks */ = {isa = PBXBuildFile; fileRef = 14E5CDE73C78070FD34BB7A2 /* Pods_Flix_FlixUITests.framework */; };
/* End PBXBuildFile section */

/* Begin PBXContainerItemProxy section */
		4E5DC29F27C9F1820025D5BF /* PBXContainerItemProxy */ = {
			isa = PBXContainerItemProxy;
			containerPortal = 4E5DC28027C9F1800025D5BF /* Project object */;
			proxyType = 1;
			remoteGlobalIDString = 4E5DC28727C9F1800025D5BF;
			remoteInfo = Flix;
		};
		4E5DC2A927C9F1820025D5BF /* PBXContainerItemProxy */ = {
			isa = PBXContainerItemProxy;
			containerPortal = 4E5DC28027C9F1800025D5BF /* Project object */;
			proxyType = 1;
			remoteGlobalIDString = 4E5DC28727C9F1800025D5BF;
			remoteInfo = Flix;
		};
/* End PBXContainerItemProxy section */

/* Begin PBXFileReference section */
		0833BA392B9FC0BC7C29FEC5 /* Pods-Flix.release.xcconfig */ = {isa = PBXFileReference; includeInIndex = 1; lastKnownFileType = text.xcconfig; name = "Pods-Flix.release.xcconfig"; path = "Target Support Files/Pods-Flix/Pods-Flix.release.xcconfig"; sourceTree = "<group>"; };
		14E5CDE73C78070FD34BB7A2 /* Pods_Flix_FlixUITests.framework */ = {isa = PBXFileReference; explicitFileType = wrapper.framework; includeInIndex = 0; path = Pods_Flix_FlixUITests.framework; sourceTree = BUILT_PRODUCTS_DIR; };
		194D47262E4CA86DB3F60951 /* Pods-Flix.debug.xcconfig */ = {isa = PBXFileReference; includeInIndex = 1; lastKnownFileType = text.xcconfig; name = "Pods-Flix.debug.xcconfig"; path = "Target Support Files/Pods-Flix/Pods-Flix.debug.xcconfig"; sourceTree = "<group>"; };
		4E5DC28827C9F1800025D5BF /* Flix.app */ = {isa = PBXFileReference; explicitFileType = wrapper.application; includeInIndex = 0; path = Flix.app; sourceTree = BUILT_PRODUCTS_DIR; };
		4E5DC28B27C9F1800025D5BF /* AppDelegate.swift */ = {isa = PBXFileReference; lastKnownFileType = sourcecode.swift; path = AppDelegate.swift; sourceTree = "<group>"; };
		4E5DC28D27C9F1800025D5BF /* SceneDelegate.swift */ = {isa = PBXFileReference; lastKnownFileType = sourcecode.swift; path = SceneDelegate.swift; sourceTree = "<group>"; };
		4E5DC28F27C9F1800025D5BF /* ViewController.swift */ = {isa = PBXFileReference; lastKnownFileType = sourcecode.swift; path = ViewController.swift; sourceTree = "<group>"; };
		4E5DC29227C9F1800025D5BF /* Base */ = {isa = PBXFileReference; lastKnownFileType = file.storyboard; name = Base; path = Base.lproj/Main.storyboard; sourceTree = "<group>"; };
		4E5DC29427C9F1820025D5BF /* Assets.xcassets */ = {isa = PBXFileReference; lastKnownFileType = folder.assetcatalog; path = Assets.xcassets; sourceTree = "<group>"; };
		4E5DC29727C9F1820025D5BF /* Base */ = {isa = PBXFileReference; lastKnownFileType = file.storyboard; name = Base; path = Base.lproj/LaunchScreen.storyboard; sourceTree = "<group>"; };
		4E5DC29927C9F1820025D5BF /* Info.plist */ = {isa = PBXFileReference; lastKnownFileType = text.plist.xml; path = Info.plist; sourceTree = "<group>"; };
		4E5DC29E27C9F1820025D5BF /* FlixTests.xctest */ = {isa = PBXFileReference; explicitFileType = wrapper.cfbundle; includeInIndex = 0; path = FlixTests.xctest; sourceTree = BUILT_PRODUCTS_DIR; };
		4E5DC2A227C9F1820025D5BF /* FlixTests.swift */ = {isa = PBXFileReference; lastKnownFileType = sourcecode.swift; path = FlixTests.swift; sourceTree = "<group>"; };
		4E5DC2A827C9F1820025D5BF /* FlixUITests.xctest */ = {isa = PBXFileReference; explicitFileType = wrapper.cfbundle; includeInIndex = 0; path = FlixUITests.xctest; sourceTree = BUILT_PRODUCTS_DIR; };
		4E5DC2AC27C9F1820025D5BF /* FlixUITests.swift */ = {isa = PBXFileReference; lastKnownFileType = sourcecode.swift; path = FlixUITests.swift; sourceTree = "<group>"; };
		4E5DC2AE27C9F1820025D5BF /* FlixUITestsLaunchTests.swift */ = {isa = PBXFileReference; lastKnownFileType = sourcecode.swift; path = FlixUITestsLaunchTests.swift; sourceTree = "<group>"; };
		4E5DC2BB27CA05810025D5BF /* MovieCell.swift */ = {isa = PBXFileReference; lastKnownFileType = sourcecode.swift; path = MovieCell.swift; sourceTree = "<group>"; };
		8DDA92F4DEEF69BD993B95D2 /* Pods-FlixTests.debug.xcconfig */ = {isa = PBXFileReference; includeInIndex = 1; lastKnownFileType = text.xcconfig; name = "Pods-FlixTests.debug.xcconfig"; path = "Target Support Files/Pods-FlixTests/Pods-FlixTests.debug.xcconfig"; sourceTree = "<group>"; };
		A007CEB5014D3236396A6FDC /* Pods-FlixTests.release.xcconfig */ = {isa = PBXFileReference; includeInIndex = 1; lastKnownFileType = text.xcconfig; name = "Pods-FlixTests.release.xcconfig"; path = "Target Support Files/Pods-FlixTests/Pods-FlixTests.release.xcconfig"; sourceTree = "<group>"; };
		B9394E8E17936879D7540F8E /* Pods-Flix-FlixUITests.release.xcconfig */ = {isa = PBXFileReference; includeInIndex = 1; lastKnownFileType = text.xcconfig; name = "Pods-Flix-FlixUITests.release.xcconfig"; path = "Target Support Files/Pods-Flix-FlixUITests/Pods-Flix-FlixUITests.release.xcconfig"; sourceTree = "<group>"; };
		BEA3D155A11DC000F345C508 /* Pods_FlixTests.framework */ = {isa = PBXFileReference; explicitFileType = wrapper.framework; includeInIndex = 0; path = Pods_FlixTests.framework; sourceTree = BUILT_PRODUCTS_DIR; };
		CAB05695C0D0CEC1B6AA5F6F /* Pods_Flix.framework */ = {isa = PBXFileReference; explicitFileType = wrapper.framework; includeInIndex = 0; path = Pods_Flix.framework; sourceTree = BUILT_PRODUCTS_DIR; };
		CD7C24EB52BB89E69926709E /* Pods-Flix-FlixUITests.debug.xcconfig */ = {isa = PBXFileReference; includeInIndex = 1; lastKnownFileType = text.xcconfig; name = "Pods-Flix-FlixUITests.debug.xcconfig"; path = "Target Support Files/Pods-Flix-FlixUITests/Pods-Flix-FlixUITests.debug.xcconfig"; sourceTree = "<group>"; };
/* End PBXFileReference section */

/* Begin PBXFrameworksBuildPhase section */
		4E5DC28527C9F1800025D5BF /* Frameworks */ = {
			isa = PBXFrameworksBuildPhase;
			buildActionMask = 2147483647;
			files = (
				4E5DC2BF27CA0D140025D5BF /* AlamofireImage in Frameworks */,
				61D2D9EC6E3D9DCB5C4108D7 /* Pods_Flix.framework in Frameworks */,
			);
			runOnlyForDeploymentPostprocessing = 0;
		};
		4E5DC29B27C9F1820025D5BF /* Frameworks */ = {
			isa = PBXFrameworksBuildPhase;
			buildActionMask = 2147483647;
			files = (
				787CA1BA331B1006B3BBCFDD /* Pods_FlixTests.framework in Frameworks */,
			);
			runOnlyForDeploymentPostprocessing = 0;
		};
		4E5DC2A527C9F1820025D5BF /* Frameworks */ = {
			isa = PBXFrameworksBuildPhase;
			buildActionMask = 2147483647;
			files = (
				F21991219E41CF06935C5A11 /* Pods_Flix_FlixUITests.framework in Frameworks */,
			);
			runOnlyForDeploymentPostprocessing = 0;
		};
/* End PBXFrameworksBuildPhase section */

/* Begin PBXGroup section */
		272F513C0E813AF9B624572F /* Frameworks */ = {
			isa = PBXGroup;
			children = (
				CAB05695C0D0CEC1B6AA5F6F /* Pods_Flix.framework */,
				14E5CDE73C78070FD34BB7A2 /* Pods_Flix_FlixUITests.framework */,
				BEA3D155A11DC000F345C508 /* Pods_FlixTests.framework */,
			);
			name = Frameworks;
			sourceTree = "<group>";
		};
		4E5DC27F27C9F1800025D5BF = {
			isa = PBXGroup;
			children = (
				4E5DC28A27C9F1800025D5BF /* Flix */,
				4E5DC2A127C9F1820025D5BF /* FlixTests */,
				4E5DC2AB27C9F1820025D5BF /* FlixUITests */,
				4E5DC28927C9F1800025D5BF /* Products */,
				F0B716164E96F3639249E011 /* Pods */,
				272F513C0E813AF9B624572F /* Frameworks */,
			);
			sourceTree = "<group>";
		};
		4E5DC28927C9F1800025D5BF /* Products */ = {
			isa = PBXGroup;
			children = (
				4E5DC28827C9F1800025D5BF /* Flix.app */,
				4E5DC29E27C9F1820025D5BF /* FlixTests.xctest */,
				4E5DC2A827C9F1820025D5BF /* FlixUITests.xctest */,
			);
			name = Products;
			sourceTree = "<group>";
		};
		4E5DC28A27C9F1800025D5BF /* Flix */ = {
			isa = PBXGroup;
			children = (
				4E5DC28B27C9F1800025D5BF /* AppDelegate.swift */,
				4E5DC28D27C9F1800025D5BF /* SceneDelegate.swift */,
				4E5DC28F27C9F1800025D5BF /* ViewController.swift */,
				4E5DC2BB27CA05810025D5BF /* MovieCell.swift */,
				4E5DC29127C9F1800025D5BF /* Main.storyboard */,
				4E5DC29427C9F1820025D5BF /* Assets.xcassets */,
				4E5DC29627C9F1820025D5BF /* LaunchScreen.storyboard */,
				4E5DC29927C9F1820025D5BF /* Info.plist */,
			);
			path = Flix;
			sourceTree = "<group>";
		};
		4E5DC2A127C9F1820025D5BF /* FlixTests */ = {
			isa = PBXGroup;
			children = (
				4E5DC2A227C9F1820025D5BF /* FlixTests.swift */,
			);
			path = FlixTests;
			sourceTree = "<group>";
		};
		4E5DC2AB27C9F1820025D5BF /* FlixUITests */ = {
			isa = PBXGroup;
			children = (
				4E5DC2AC27C9F1820025D5BF /* FlixUITests.swift */,
				4E5DC2AE27C9F1820025D5BF /* FlixUITestsLaunchTests.swift */,
			);
			path = FlixUITests;
			sourceTree = "<group>";
		};
		F0B716164E96F3639249E011 /* Pods */ = {
			isa = PBXGroup;
			children = (
				194D47262E4CA86DB3F60951 /* Pods-Flix.debug.xcconfig */,
				0833BA392B9FC0BC7C29FEC5 /* Pods-Flix.release.xcconfig */,
				CD7C24EB52BB89E69926709E /* Pods-Flix-FlixUITests.debug.xcconfig */,
				B9394E8E17936879D7540F8E /* Pods-Flix-FlixUITests.release.xcconfig */,
				8DDA92F4DEEF69BD993B95D2 /* Pods-FlixTests.debug.xcconfig */,
				A007CEB5014D3236396A6FDC /* Pods-FlixTests.release.xcconfig */,
			);
			name = Pods;
			path = Pods;
			sourceTree = "<group>";
		};
/* End PBXGroup section */

/* Begin PBXNativeTarget section */
		4E5DC28727C9F1800025D5BF /* Flix */ = {
			isa = PBXNativeTarget;
			buildConfigurationList = 4E5DC2B227C9F1820025D5BF /* Build configuration list for PBXNativeTarget "Flix" */;
			buildPhases = (
				E41151C89142DCBE60F6AE8F /* [CP] Check Pods Manifest.lock */,
				4E5DC28427C9F1800025D5BF /* Sources */,
				4E5DC28527C9F1800025D5BF /* Frameworks */,
				4E5DC28627C9F1800025D5BF /* Resources */,
				BFE0A16DA4F53F25AC16629F /* [CP] Embed Pods Frameworks */,
			);
			buildRules = (
			);
			dependencies = (
			);
			name = Flix;
			packageProductDependencies = (
				4E5DC2BE27CA0D140025D5BF /* AlamofireImage */,
			);
			productName = Flix;
			productReference = 4E5DC28827C9F1800025D5BF /* Flix.app */;
			productType = "com.apple.product-type.application";
		};
		4E5DC29D27C9F1820025D5BF /* FlixTests */ = {
			isa = PBXNativeTarget;
			buildConfigurationList = 4E5DC2B527C9F1820025D5BF /* Build configuration list for PBXNativeTarget "FlixTests" */;
			buildPhases = (
				7A03AAF116DD35A32B9D0F09 /* [CP] Check Pods Manifest.lock */,
				4E5DC29A27C9F1820025D5BF /* Sources */,
				4E5DC29B27C9F1820025D5BF /* Frameworks */,
				4E5DC29C27C9F1820025D5BF /* Resources */,
			);
			buildRules = (
			);
			dependencies = (
				4E5DC2A027C9F1820025D5BF /* PBXTargetDependency */,
			);
			name = FlixTests;
			productName = FlixTests;
			productReference = 4E5DC29E27C9F1820025D5BF /* FlixTests.xctest */;
			productType = "com.apple.product-type.bundle.unit-test";
		};
		4E5DC2A727C9F1820025D5BF /* FlixUITests */ = {
			isa = PBXNativeTarget;
			buildConfigurationList = 4E5DC2B827C9F1820025D5BF /* Build configuration list for PBXNativeTarget "FlixUITests" */;
			buildPhases = (
				7B17B71D882E5761F640435C /* [CP] Check Pods Manifest.lock */,
				4E5DC2A427C9F1820025D5BF /* Sources */,
				4E5DC2A527C9F1820025D5BF /* Frameworks */,
				4E5DC2A627C9F1820025D5BF /* Resources */,
				A7F665F93D62990C7DA0984E /* [CP] Embed Pods Frameworks */,
			);
			buildRules = (
			);
			dependencies = (
				4E5DC2AA27C9F1820025D5BF /* PBXTargetDependency */,
			);
			name = FlixUITests;
			productName = FlixUITests;
			productReference = 4E5DC2A827C9F1820025D5BF /* FlixUITests.xctest */;
			productType = "com.apple.product-type.bundle.ui-testing";
		};
/* End PBXNativeTarget section */

/* Begin PBXProject section */
		4E5DC28027C9F1800025D5BF /* Project object */ = {
			isa = PBXProject;
			attributes = {
				BuildIndependentTargetsInParallel = 1;
				LastSwiftUpdateCheck = 1320;
				LastUpgradeCheck = 1320;
				TargetAttributes = {
					4E5DC28727C9F1800025D5BF = {
						CreatedOnToolsVersion = 13.2.1;
					};
					4E5DC29D27C9F1820025D5BF = {
						CreatedOnToolsVersion = 13.2.1;
						TestTargetID = 4E5DC28727C9F1800025D5BF;
					};
					4E5DC2A727C9F1820025D5BF = {
						CreatedOnToolsVersion = 13.2.1;
						TestTargetID = 4E5DC28727C9F1800025D5BF;
					};
				};
			};
			buildConfigurationList = 4E5DC28327C9F1800025D5BF /* Build configuration list for PBXProject "Flix" */;
			compatibilityVersion = "Xcode 13.0";
			developmentRegion = en;
			hasScannedForEncodings = 0;
			knownRegions = (
				en,
				Base,
			);
			mainGroup = 4E5DC27F27C9F1800025D5BF;
			packageReferences = (
				4E5DC2BD27CA0D140025D5BF /* XCRemoteSwiftPackageReference "AlamofireImage" */,
			);
			productRefGroup = 4E5DC28927C9F1800025D5BF /* Products */;
			projectDirPath = "";
			projectRoot = "";
			targets = (
				4E5DC28727C9F1800025D5BF /* Flix */,
				4E5DC29D27C9F1820025D5BF /* FlixTests */,
				4E5DC2A727C9F1820025D5BF /* FlixUITests */,
			);
		};
/* End PBXProject section */

/* Begin PBXResourcesBuildPhase section */
		4E5DC28627C9F1800025D5BF /* Resources */ = {
			isa = PBXResourcesBuildPhase;
			buildActionMask = 2147483647;
			files = (
				4E5DC29827C9F1820025D5BF /* LaunchScreen.storyboard in Resources */,
				4E5DC29527C9F1820025D5BF /* Assets.xcassets in Resources */,
				4E5DC29327C9F1800025D5BF /* Main.storyboard in Resources */,
			);
			runOnlyForDeploymentPostprocessing = 0;
		};
		4E5DC29C27C9F1820025D5BF /* Resources */ = {
			isa = PBXResourcesBuildPhase;
			buildActionMask = 2147483647;
			files = (
			);
			runOnlyForDeploymentPostprocessing = 0;
		};
		4E5DC2A627C9F1820025D5BF /* Resources */ = {
			isa = PBXResourcesBuildPhase;
			buildActionMask = 2147483647;
			files = (
			);
			runOnlyForDeploymentPostprocessing = 0;
		};
/* End PBXResourcesBuildPhase section */

/* Begin PBXShellScriptBuildPhase section */
		7A03AAF116DD35A32B9D0F09 /* [CP] Check Pods Manifest.lock */ = {
			isa = PBXShellScriptBuildPhase;
			buildActionMask = 2147483647;
			files = (
			);
			inputFileListPaths = (
			);
			inputPaths = (
				"${PODS_PODFILE_DIR_PATH}/Podfile.lock",
				"${PODS_ROOT}/Manifest.lock",
			);
			name = "[CP] Check Pods Manifest.lock";
			outputFileListPaths = (
			);
			outputPaths = (
				"$(DERIVED_FILE_DIR)/Pods-FlixTests-checkManifestLockResult.txt",
			);
			runOnlyForDeploymentPostprocessing = 0;
			shellPath = /bin/sh;
			shellScript = "diff \"${PODS_PODFILE_DIR_PATH}/Podfile.lock\" \"${PODS_ROOT}/Manifest.lock\" > /dev/null\nif [ $? != 0 ] ; then\n    # print error to STDERR\n    echo \"error: The sandbox is not in sync with the Podfile.lock. Run 'pod install' or update your CocoaPods installation.\" >&2\n    exit 1\nfi\n# This output is used by Xcode 'outputs' to avoid re-running this script phase.\necho \"SUCCESS\" > \"${SCRIPT_OUTPUT_FILE_0}\"\n";
			showEnvVarsInLog = 0;
		};
		7B17B71D882E5761F640435C /* [CP] Check Pods Manifest.lock */ = {
			isa = PBXShellScriptBuildPhase;
			buildActionMask = 2147483647;
			files = (
			);
			inputFileListPaths = (
			);
			inputPaths = (
				"${PODS_PODFILE_DIR_PATH}/Podfile.lock",
				"${PODS_ROOT}/Manifest.lock",
			);
			name = "[CP] Check Pods Manifest.lock";
			outputFileListPaths = (
			);
			outputPaths = (
				"$(DERIVED_FILE_DIR)/Pods-Flix-FlixUITests-checkManifestLockResult.txt",
			);
			runOnlyForDeploymentPostprocessing = 0;
			shellPath = /bin/sh;
			shellScript = "diff \"${PODS_PODFILE_DIR_PATH}/Podfile.lock\" \"${PODS_ROOT}/Manifest.lock\" > /dev/null\nif [ $? != 0 ] ; then\n    # print error to STDERR\n    echo \"error: The sandbox is not in sync with the Podfile.lock. Run 'pod install' or update your CocoaPods installation.\" >&2\n    exit 1\nfi\n# This output is used by Xcode 'outputs' to avoid re-running this script phase.\necho \"SUCCESS\" > \"${SCRIPT_OUTPUT_FILE_0}\"\n";
			showEnvVarsInLog = 0;
		};
		A7F665F93D62990C7DA0984E /* [CP] Embed Pods Frameworks */ = {
			isa = PBXShellScriptBuildPhase;
			buildActionMask = 2147483647;
			files = (
			);
			inputFileListPaths = (
				"${PODS_ROOT}/Target Support Files/Pods-Flix-FlixUITests/Pods-Flix-FlixUITests-frameworks-${CONFIGURATION}-input-files.xcfilelist",
			);
			name = "[CP] Embed Pods Frameworks";
			outputFileListPaths = (
				"${PODS_ROOT}/Target Support Files/Pods-Flix-FlixUITests/Pods-Flix-FlixUITests-frameworks-${CONFIGURATION}-output-files.xcfilelist",
			);
			runOnlyForDeploymentPostprocessing = 0;
			shellPath = /bin/sh;
			shellScript = "\"${PODS_ROOT}/Target Support Files/Pods-Flix-FlixUITests/Pods-Flix-FlixUITests-frameworks.sh\"\n";
			showEnvVarsInLog = 0;
		};
		BFE0A16DA4F53F25AC16629F /* [CP] Embed Pods Frameworks */ = {
			isa = PBXShellScriptBuildPhase;
			buildActionMask = 2147483647;
			files = (
			);
			inputFileListPaths = (
				"${PODS_ROOT}/Target Support Files/Pods-Flix/Pods-Flix-frameworks-${CONFIGURATION}-input-files.xcfilelist",
			);
			name = "[CP] Embed Pods Frameworks";
			outputFileListPaths = (
				"${PODS_ROOT}/Target Support Files/Pods-Flix/Pods-Flix-frameworks-${CONFIGURATION}-output-files.xcfilelist",
			);
			runOnlyForDeploymentPostprocessing = 0;
			shellPath = /bin/sh;
			shellScript = "\"${PODS_ROOT}/Target Support Files/Pods-Flix/Pods-Flix-frameworks.sh\"\n";
			showEnvVarsInLog = 0;
		};
		E41151C89142DCBE60F6AE8F /* [CP] Check Pods Manifest.lock */ = {
			isa = PBXShellScriptBuildPhase;
			buildActionMask = 2147483647;
			files = (
			);
			inputFileListPaths = (
			);
			inputPaths = (
				"${PODS_PODFILE_DIR_PATH}/Podfile.lock",
				"${PODS_ROOT}/Manifest.lock",
			);
			name = "[CP] Check Pods Manifest.lock";
			outputFileListPaths = (
			);
			outputPaths = (
				"$(DERIVED_FILE_DIR)/Pods-Flix-checkManifestLockResult.txt",
			);
			runOnlyForDeploymentPostprocessing = 0;
			shellPath = /bin/sh;
			shellScript = "diff \"${PODS_PODFILE_DIR_PATH}/Podfile.lock\" \"${PODS_ROOT}/Manifest.lock\" > /dev/null\nif [ $? != 0 ] ; then\n    # print error to STDERR\n    echo \"error: The sandbox is not in sync with the Podfile.lock. Run 'pod install' or update your CocoaPods installation.\" >&2\n    exit 1\nfi\n# This output is used by Xcode 'outputs' to avoid re-running this script phase.\necho \"SUCCESS\" > \"${SCRIPT_OUTPUT_FILE_0}\"\n";
			showEnvVarsInLog = 0;
		};
/* End PBXShellScriptBuildPhase section */

/* Begin PBXSourcesBuildPhase section */
		4E5DC28427C9F1800025D5BF /* Sources */ = {
			isa = PBXSourcesBuildPhase;
			buildActionMask = 2147483647;
			files = (
				4E5DC29027C9F1800025D5BF /* ViewController.swift in Sources */,
				4E5DC28C27C9F1800025D5BF /* AppDelegate.swift in Sources */,
				4E5DC2BC27CA05810025D5BF /* MovieCell.swift in Sources */,
				4E5DC28E27C9F1800025D5BF /* SceneDelegate.swift in Sources */,
			);
			runOnlyForDeploymentPostprocessing = 0;
		};
		4E5DC29A27C9F1820025D5BF /* Sources */ = {
			isa = PBXSourcesBuildPhase;
			buildActionMask = 2147483647;
			files = (
				4E5DC2A327C9F1820025D5BF /* FlixTests.swift in Sources */,
			);
			runOnlyForDeploymentPostprocessing = 0;
		};
		4E5DC2A427C9F1820025D5BF /* Sources */ = {
			isa = PBXSourcesBuildPhase;
			buildActionMask = 2147483647;
			files = (
				4E5DC2AD27C9F1820025D5BF /* FlixUITests.swift in Sources */,
				4E5DC2AF27C9F1820025D5BF /* FlixUITestsLaunchTests.swift in Sources */,
			);
			runOnlyForDeploymentPostprocessing = 0;
		};
/* End PBXSourcesBuildPhase section */

/* Begin PBXTargetDependency section */
		4E5DC2A027C9F1820025D5BF /* PBXTargetDependency */ = {
			isa = PBXTargetDependency;
			target = 4E5DC28727C9F1800025D5BF /* Flix */;
			targetProxy = 4E5DC29F27C9F1820025D5BF /* PBXContainerItemProxy */;
		};
		4E5DC2AA27C9F1820025D5BF /* PBXTargetDependency */ = {
			isa = PBXTargetDependency;
			target = 4E5DC28727C9F1800025D5BF /* Flix */;
			targetProxy = 4E5DC2A927C9F1820025D5BF /* PBXContainerItemProxy */;
		};
/* End PBXTargetDependency section */

/* Begin PBXVariantGroup section */
		4E5DC29127C9F1800025D5BF /* Main.storyboard */ = {
			isa = PBXVariantGroup;
			children = (
				4E5DC29227C9F1800025D5BF /* Base */,
			);
			name = Main.storyboard;
			sourceTree = "<group>";
		};
		4E5DC29627C9F1820025D5BF /* LaunchScreen.storyboard */ = {
			isa = PBXVariantGroup;
			children = (
				4E5DC29727C9F1820025D5BF /* Base */,
			);
			name = LaunchScreen.storyboard;
			sourceTree = "<group>";
		};
/* End PBXVariantGroup section */

/* Begin XCBuildConfiguration section */
		4E5DC2B027C9F1820025D5BF /* Debug */ = {
			isa = XCBuildConfiguration;
			buildSettings = {
				ALWAYS_SEARCH_USER_PATHS = NO;
				CLANG_ANALYZER_NONNULL = YES;
				CLANG_ANALYZER_NUMBER_OBJECT_CONVERSION = YES_AGGRESSIVE;
				CLANG_CXX_LANGUAGE_STANDARD = "gnu++17";
				CLANG_CXX_LIBRARY = "libc++";
				CLANG_ENABLE_MODULES = YES;
				CLANG_ENABLE_OBJC_ARC = YES;
				CLANG_ENABLE_OBJC_WEAK = YES;
				CLANG_WARN_BLOCK_CAPTURE_AUTORELEASING = YES;
				CLANG_WARN_BOOL_CONVERSION = YES;
				CLANG_WARN_COMMA = YES;
				CLANG_WARN_CONSTANT_CONVERSION = YES;
				CLANG_WARN_DEPRECATED_OBJC_IMPLEMENTATIONS = YES;
				CLANG_WARN_DIRECT_OBJC_ISA_USAGE = YES_ERROR;
				CLANG_WARN_DOCUMENTATION_COMMENTS = YES;
				CLANG_WARN_EMPTY_BODY = YES;
				CLANG_WARN_ENUM_CONVERSION = YES;
				CLANG_WARN_INFINITE_RECURSION = YES;
				CLANG_WARN_INT_CONVERSION = YES;
				CLANG_WARN_NON_LITERAL_NULL_CONVERSION = YES;
				CLANG_WARN_OBJC_IMPLICIT_RETAIN_SELF = YES;
				CLANG_WARN_OBJC_LITERAL_CONVERSION = YES;
				CLANG_WARN_OBJC_ROOT_CLASS = YES_ERROR;
				CLANG_WARN_QUOTED_INCLUDE_IN_FRAMEWORK_HEADER = YES;
				CLANG_WARN_RANGE_LOOP_ANALYSIS = YES;
				CLANG_WARN_STRICT_PROTOTYPES = YES;
				CLANG_WARN_SUSPICIOUS_MOVE = YES;
				CLANG_WARN_UNGUARDED_AVAILABILITY = YES_AGGRESSIVE;
				CLANG_WARN_UNREACHABLE_CODE = YES;
				CLANG_WARN__DUPLICATE_METHOD_MATCH = YES;
				COPY_PHASE_STRIP = NO;
				DEBUG_INFORMATION_FORMAT = dwarf;
				ENABLE_STRICT_OBJC_MSGSEND = YES;
				ENABLE_TESTABILITY = YES;
				GCC_C_LANGUAGE_STANDARD = gnu11;
				GCC_DYNAMIC_NO_PIC = NO;
				GCC_NO_COMMON_BLOCKS = YES;
				GCC_OPTIMIZATION_LEVEL = 0;
				GCC_PREPROCESSOR_DEFINITIONS = (
					"DEBUG=1",
					"$(inherited)",
				);
				GCC_WARN_64_TO_32_BIT_CONVERSION = YES;
				GCC_WARN_ABOUT_RETURN_TYPE = YES_ERROR;
				GCC_WARN_UNDECLARED_SELECTOR = YES;
				GCC_WARN_UNINITIALIZED_AUTOS = YES_AGGRESSIVE;
				GCC_WARN_UNUSED_FUNCTION = YES;
				GCC_WARN_UNUSED_VARIABLE = YES;
				IPHONEOS_DEPLOYMENT_TARGET = 15.2;
				MTL_ENABLE_DEBUG_INFO = INCLUDE_SOURCE;
				MTL_FAST_MATH = YES;
				ONLY_ACTIVE_ARCH = YES;
				SDKROOT = iphoneos;
				SWIFT_ACTIVE_COMPILATION_CONDITIONS = DEBUG;
				SWIFT_OPTIMIZATION_LEVEL = "-Onone";
			};
			name = Debug;
		};
		4E5DC2B127C9F1820025D5BF /* Release */ = {
			isa = XCBuildConfiguration;
			buildSettings = {
				ALWAYS_SEARCH_USER_PATHS = NO;
				CLANG_ANALYZER_NONNULL = YES;
				CLANG_ANALYZER_NUMBER_OBJECT_CONVERSION = YES_AGGRESSIVE;
				CLANG_CXX_LANGUAGE_STANDARD = "gnu++17";
				CLANG_CXX_LIBRARY = "libc++";
				CLANG_ENABLE_MODULES = YES;
				CLANG_ENABLE_OBJC_ARC = YES;
				CLANG_ENABLE_OBJC_WEAK = YES;
				CLANG_WARN_BLOCK_CAPTURE_AUTORELEASING = YES;
				CLANG_WARN_BOOL_CONVERSION = YES;
				CLANG_WARN_COMMA = YES;
				CLANG_WARN_CONSTANT_CONVERSION = YES;
				CLANG_WARN_DEPRECATED_OBJC_IMPLEMENTATIONS = YES;
				CLANG_WARN_DIRECT_OBJC_ISA_USAGE = YES_ERROR;
				CLANG_WARN_DOCUMENTATION_COMMENTS = YES;
				CLANG_WARN_EMPTY_BODY = YES;
				CLANG_WARN_ENUM_CONVERSION = YES;
				CLANG_WARN_INFINITE_RECURSION = YES;
				CLANG_WARN_INT_CONVERSION = YES;
				CLANG_WARN_NON_LITERAL_NULL_CONVERSION = YES;
				CLANG_WARN_OBJC_IMPLICIT_RETAIN_SELF = YES;
				CLANG_WARN_OBJC_LITERAL_CONVERSION = YES;
				CLANG_WARN_OBJC_ROOT_CLASS = YES_ERROR;
				CLANG_WARN_QUOTED_INCLUDE_IN_FRAMEWORK_HEADER = YES;
				CLANG_WARN_RANGE_LOOP_ANALYSIS = YES;
				CLANG_WARN_STRICT_PROTOTYPES = YES;
				CLANG_WARN_SUSPICIOUS_MOVE = YES;
				CLANG_WARN_UNGUARDED_AVAILABILITY = YES_AGGRESSIVE;
				CLANG_WARN_UNREACHABLE_CODE = YES;
				CLANG_WARN__DUPLICATE_METHOD_MATCH = YES;
				COPY_PHASE_STRIP = NO;
				DEBUG_INFORMATION_FORMAT = "dwarf-with-dsym";
				ENABLE_NS_ASSERTIONS = NO;
				ENABLE_STRICT_OBJC_MSGSEND = YES;
				GCC_C_LANGUAGE_STANDARD = gnu11;
				GCC_NO_COMMON_BLOCKS = YES;
				GCC_WARN_64_TO_32_BIT_CONVERSION = YES;
				GCC_WARN_ABOUT_RETURN_TYPE = YES_ERROR;
				GCC_WARN_UNDECLARED_SELECTOR = YES;
				GCC_WARN_UNINITIALIZED_AUTOS = YES_AGGRESSIVE;
				GCC_WARN_UNUSED_FUNCTION = YES;
				GCC_WARN_UNUSED_VARIABLE = YES;
				IPHONEOS_DEPLOYMENT_TARGET = 15.2;
				MTL_ENABLE_DEBUG_INFO = NO;
				MTL_FAST_MATH = YES;
				SDKROOT = iphoneos;
				SWIFT_COMPILATION_MODE = wholemodule;
				SWIFT_OPTIMIZATION_LEVEL = "-O";
				VALIDATE_PRODUCT = YES;
			};
			name = Release;
		};
		4E5DC2B327C9F1820025D5BF /* Debug */ = {
			isa = XCBuildConfiguration;
			baseConfigurationReference = 194D47262E4CA86DB3F60951 /* Pods-Flix.debug.xcconfig */;
			buildSettings = {
				ASSETCATALOG_COMPILER_APPICON_NAME = AppIcon;
				ASSETCATALOG_COMPILER_GLOBAL_ACCENT_COLOR_NAME = AccentColor;
				CODE_SIGN_STYLE = Automatic;
				CURRENT_PROJECT_VERSION = 1;
				DEVELOPMENT_TEAM = UDH6PM2PZ2;
				GENERATE_INFOPLIST_FILE = YES;
				INFOPLIST_FILE = Flix/Info.plist;
				INFOPLIST_KEY_UIApplicationSupportsIndirectInputEvents = YES;
				INFOPLIST_KEY_UILaunchStoryboardName = LaunchScreen;
				INFOPLIST_KEY_UIMainStoryboardFile = Main;
				INFOPLIST_KEY_UISupportedInterfaceOrientations_iPad = "UIInterfaceOrientationPortrait UIInterfaceOrientationPortraitUpsideDown UIInterfaceOrientationLandscapeLeft UIInterfaceOrientationLandscapeRight";
				INFOPLIST_KEY_UISupportedInterfaceOrientations_iPhone = "UIInterfaceOrientationPortrait UIInterfaceOrientationLandscapeLeft UIInterfaceOrientationLandscapeRight";
				LD_RUNPATH_SEARCH_PATHS = (
					"$(inherited)",
					"@executable_path/Frameworks",
				);
				MARKETING_VERSION = 1.0;
				PRODUCT_BUNDLE_IDENTIFIER = com.praggathi.rr.Flix;
				PRODUCT_NAME = "$(TARGET_NAME)";
				SWIFT_EMIT_LOC_STRINGS = YES;
				SWIFT_VERSION = 5.0;
				TARGETED_DEVICE_FAMILY = "1,2";
			};
			name = Debug;
		};
		4E5DC2B427C9F1820025D5BF /* Release */ = {
			isa = XCBuildConfiguration;
			baseConfigurationReference = 0833BA392B9FC0BC7C29FEC5 /* Pods-Flix.release.xcconfig */;
			buildSettings = {
				ASSETCATALOG_COMPILER_APPICON_NAME = AppIcon;
				ASSETCATALOG_COMPILER_GLOBAL_ACCENT_COLOR_NAME = AccentColor;
				CODE_SIGN_STYLE = Automatic;
				CURRENT_PROJECT_VERSION = 1;
				DEVELOPMENT_TEAM = UDH6PM2PZ2;
				GENERATE_INFOPLIST_FILE = YES;
				INFOPLIST_FILE = Flix/Info.plist;
				INFOPLIST_KEY_UIApplicationSupportsIndirectInputEvents = YES;
				INFOPLIST_KEY_UILaunchStoryboardName = LaunchScreen;
				INFOPLIST_KEY_UIMainStoryboardFile = Main;
				INFOPLIST_KEY_UISupportedInterfaceOrientations_iPad = "UIInterfaceOrientationPortrait UIInterfaceOrientationPortraitUpsideDown UIInterfaceOrientationLandscapeLeft UIInterfaceOrientationLandscapeRight";
				INFOPLIST_KEY_UISupportedInterfaceOrientations_iPhone = "UIInterfaceOrientationPortrait UIInterfaceOrientationLandscapeLeft UIInterfaceOrientationLandscapeRight";
				LD_RUNPATH_SEARCH_PATHS = (
					"$(inherited)",
					"@executable_path/Frameworks",
				);
				MARKETING_VERSION = 1.0;
				PRODUCT_BUNDLE_IDENTIFIER = com.praggathi.rr.Flix;
				PRODUCT_NAME = "$(TARGET_NAME)";
				SWIFT_EMIT_LOC_STRINGS = YES;
				SWIFT_VERSION = 5.0;
				TARGETED_DEVICE_FAMILY = "1,2";
			};
			name = Release;
		};
		4E5DC2B627C9F1820025D5BF /* Debug */ = {
			isa = XCBuildConfiguration;
			baseConfigurationReference = 8DDA92F4DEEF69BD993B95D2 /* Pods-FlixTests.debug.xcconfig */;
			buildSettings = {
				ALWAYS_EMBED_SWIFT_STANDARD_LIBRARIES = YES;
				BUNDLE_LOADER = "$(TEST_HOST)";
				CODE_SIGN_STYLE = Automatic;
				CURRENT_PROJECT_VERSION = 1;
				DEVELOPMENT_TEAM = UDH6PM2PZ2;
				GENERATE_INFOPLIST_FILE = YES;
				IPHONEOS_DEPLOYMENT_TARGET = 15.2;
				MARKETING_VERSION = 1.0;
				PRODUCT_BUNDLE_IDENTIFIER = com.praggathi.rr.FlixTests;
				PRODUCT_NAME = "$(TARGET_NAME)";
				SWIFT_EMIT_LOC_STRINGS = NO;
				SWIFT_VERSION = 5.0;
				TARGETED_DEVICE_FAMILY = "1,2";
				TEST_HOST = "$(BUILT_PRODUCTS_DIR)/Flix.app/Flix";
			};
			name = Debug;
		};
		4E5DC2B727C9F1820025D5BF /* Release */ = {
			isa = XCBuildConfiguration;
			baseConfigurationReference = A007CEB5014D3236396A6FDC /* Pods-FlixTests.release.xcconfig */;
			buildSettings = {
				ALWAYS_EMBED_SWIFT_STANDARD_LIBRARIES = YES;
				BUNDLE_LOADER = "$(TEST_HOST)";
				CODE_SIGN_STYLE = Automatic;
				CURRENT_PROJECT_VERSION = 1;
				DEVELOPMENT_TEAM = UDH6PM2PZ2;
				GENERATE_INFOPLIST_FILE = YES;
				IPHONEOS_DEPLOYMENT_TARGET = 15.2;
				MARKETING_VERSION = 1.0;
				PRODUCT_BUNDLE_IDENTIFIER = com.praggathi.rr.FlixTests;
				PRODUCT_NAME = "$(TARGET_NAME)";
				SWIFT_EMIT_LOC_STRINGS = NO;
				SWIFT_VERSION = 5.0;
				TARGETED_DEVICE_FAMILY = "1,2";
				TEST_HOST = "$(BUILT_PRODUCTS_DIR)/Flix.app/Flix";
			};
			name = Release;
		};
		4E5DC2B927C9F1820025D5BF /* Debug */ = {
			isa = XCBuildConfiguration;
			baseConfigurationReference = CD7C24EB52BB89E69926709E /* Pods-Flix-FlixUITests.debug.xcconfig */;
			buildSettings = {
				ALWAYS_EMBED_SWIFT_STANDARD_LIBRARIES = YES;
				CODE_SIGN_STYLE = Automatic;
				CURRENT_PROJECT_VERSION = 1;
				DEVELOPMENT_TEAM = UDH6PM2PZ2;
				GENERATE_INFOPLIST_FILE = YES;
				MARKETING_VERSION = 1.0;
				PRODUCT_BUNDLE_IDENTIFIER = com.praggathi.rr.FlixUITests;
				PRODUCT_NAME = "$(TARGET_NAME)";
				SWIFT_EMIT_LOC_STRINGS = NO;
				SWIFT_VERSION = 5.0;
				TARGETED_DEVICE_FAMILY = "1,2";
				TEST_TARGET_NAME = Flix;
			};
			name = Debug;
		};
		4E5DC2BA27C9F1820025D5BF /* Release */ = {
			isa = XCBuildConfiguration;
			baseConfigurationReference = B9394E8E17936879D7540F8E /* Pods-Flix-FlixUITests.release.xcconfig */;
			buildSettings = {
				ALWAYS_EMBED_SWIFT_STANDARD_LIBRARIES = YES;
				CODE_SIGN_STYLE = Automatic;
				CURRENT_PROJECT_VERSION = 1;
				DEVELOPMENT_TEAM = UDH6PM2PZ2;
				GENERATE_INFOPLIST_FILE = YES;
				MARKETING_VERSION = 1.0;
				PRODUCT_BUNDLE_IDENTIFIER = com.praggathi.rr.FlixUITests;
				PRODUCT_NAME = "$(TARGET_NAME)";
				SWIFT_EMIT_LOC_STRINGS = NO;
				SWIFT_VERSION = 5.0;
				TARGETED_DEVICE_FAMILY = "1,2";
				TEST_TARGET_NAME = Flix;
			};
			name = Release;
		};
/* End XCBuildConfiguration section */

/* Begin XCConfigurationList section */
		4E5DC28327C9F1800025D5BF /* Build configuration list for PBXProject "Flix" */ = {
			isa = XCConfigurationList;
			buildConfigurations = (
				4E5DC2B027C9F1820025D5BF /* Debug */,
				4E5DC2B127C9F1820025D5BF /* Release */,
			);
			defaultConfigurationIsVisible = 0;
			defaultConfigurationName = Release;
		};
		4E5DC2B227C9F1820025D5BF /* Build configuration list for PBXNativeTarget "Flix" */ = {
			isa = XCConfigurationList;
			buildConfigurations = (
				4E5DC2B327C9F1820025D5BF /* Debug */,
				4E5DC2B427C9F1820025D5BF /* Release */,
			);
			defaultConfigurationIsVisible = 0;
			defaultConfigurationName = Release;
		};
		4E5DC2B527C9F1820025D5BF /* Build configuration list for PBXNativeTarget "FlixTests" */ = {
			isa = XCConfigurationList;
			buildConfigurations = (
				4E5DC2B627C9F1820025D5BF /* Debug */,
				4E5DC2B727C9F1820025D5BF /* Release */,
			);
			defaultConfigurationIsVisible = 0;
			defaultConfigurationName = Release;
		};
		4E5DC2B827C9F1820025D5BF /* Build configuration list for PBXNativeTarget "FlixUITests" */ = {
			isa = XCConfigurationList;
			buildConfigurations = (
				4E5DC2B927C9F1820025D5BF /* Debug */,
				4E5DC2BA27C9F1820025D5BF /* Release */,
			);
			defaultConfigurationIsVisible = 0;
			defaultConfigurationName = Release;
		};
/* End XCConfigurationList section */

/* Begin XCRemoteSwiftPackageReference section */
		4E5DC2BD27CA0D140025D5BF /* XCRemoteSwiftPackageReference "AlamofireImage" */ = {
			isa = XCRemoteSwiftPackageReference;
			repositoryURL = "https://github.com/Alamofire/AlamofireImage";
			requirement = {
				kind = upToNextMajorVersion;
				minimumVersion = 4.0.0;
			};
		};
/* End XCRemoteSwiftPackageReference section */

/* Begin XCSwiftPackageProductDependency section */
		4E5DC2BE27CA0D140025D5BF /* AlamofireImage */ = {
			isa = XCSwiftPackageProductDependency;
			package = 4E5DC2BD27CA0D140025D5BF /* XCRemoteSwiftPackageReference "AlamofireImage" */;
			productName = AlamofireImage;
		};
/* End XCSwiftPackageProductDependency section */
	};
	rootObject = 4E5DC28027C9F1800025D5BF /* Project object */;
}
